// !$*UTF8*$!
{
	archiveVersion = 1;
	classes = {
	};
	objectVersion = 55;
	objects = {

/* Begin PBXBuildFile section */
		D745BC8FFD0438C4A6EABAC4 /* Pods_sopt_29th_Assignment.framework in Frameworks */ = {isa = PBXBuildFile; fileRef = FDE0ADBE3C1804B8E78D70D9 /* Pods_sopt_29th_Assignment.framework */; };
		FD5B934E27104DC700BE2364 /* makeVibrate.swift in Sources */ = {isa = PBXBuildFile; fileRef = FD5B934D27104DC700BE2364 /* makeVibrate.swift */; };
		FD5B935027104EFD00BE2364 /* applyShadow.swift in Sources */ = {isa = PBXBuildFile; fileRef = FD5B934F27104EFD00BE2364 /* applyShadow.swift */; };
		FD5B935227104F4900BE2364 /* calculateTopInset.swift in Sources */ = {isa = PBXBuildFile; fileRef = FD5B935127104F4900BE2364 /* calculateTopInset.swift */; };
		FD5B93582710501F00BE2364 /* getClassName + UIViewController.swift in Sources */ = {isa = PBXBuildFile; fileRef = FD5B93572710501F00BE2364 /* getClassName + UIViewController.swift */; };
		FD5B935A2710508D00BE2364 /* makeAlert + UIViewController.swift in Sources */ = {isa = PBXBuildFile; fileRef = FD5B93592710508D00BE2364 /* makeAlert + UIViewController.swift */; };
		FD5B935C2710516900BE2364 /* press + UIButton.swift in Sources */ = {isa = PBXBuildFile; fileRef = FD5B935B2710516900BE2364 /* press + UIButton.swift */; };
		FD5B935F2710557200BE2364 /* controllerFromStoryboard + UIViewController.swift in Sources */ = {isa = PBXBuildFile; fileRef = FD5B935E2710557200BE2364 /* controllerFromStoryboard + UIViewController.swift */; };
		FD5B9362271055A100BE2364 /* Storyboards.swift in Sources */ = {isa = PBXBuildFile; fileRef = FD5B9361271055A100BE2364 /* Storyboards.swift */; };
		FD5B9365271056BE00BE2364 /* ModuleFactory.swift in Sources */ = {isa = PBXBuildFile; fileRef = FD5B9364271056BE00BE2364 /* ModuleFactory.swift */; };
		FD5B936927105F7A00BE2364 /* SignInVC.swift in Sources */ = {isa = PBXBuildFile; fileRef = FD5B936827105F7A00BE2364 /* SignInVC.swift */; };
		FD5B936B27105F8900BE2364 /* SignUpVC.swift in Sources */ = {isa = PBXBuildFile; fileRef = FD5B936A27105F8900BE2364 /* SignUpVC.swift */; };
		FD5B936D27105F9300BE2364 /* SignUpCompleteVC.swift in Sources */ = {isa = PBXBuildFile; fileRef = FD5B936C27105F9300BE2364 /* SignUpCompleteVC.swift */; };
		FD5B936F2710609E00BE2364 /* Account.storyboard in Resources */ = {isa = PBXBuildFile; fileRef = FD5B936E2710609E00BE2364 /* Account.storyboard */; };
		FD5B9377271063A500BE2364 /* CustomInputTextField.swift in Sources */ = {isa = PBXBuildFile; fileRef = FD5B9376271063A500BE2364 /* CustomInputTextField.swift */; };
		FD5B93782710670500BE2364 /* Main.storyboard in Resources */ = {isa = PBXBuildFile; fileRef = FDD7A6BE270AB1BC0099F245 /* Main.storyboard */; };
		FD5B93792710674800BE2364 /* Assets.xcassets in Resources */ = {isa = PBXBuildFile; fileRef = FDD7A6C1270AB1BE0099F245 /* Assets.xcassets */; };
		FD5B937C271067E300BE2364 /* addPadding + UITextField.swift in Sources */ = {isa = PBXBuildFile; fileRef = FD5B937B271067E300BE2364 /* addPadding + UITextField.swift */; };
		FD5B937E27106CB500BE2364 /* CustomBlueButton.swift in Sources */ = {isa = PBXBuildFile; fileRef = FD5B937D27106CB500BE2364 /* CustomBlueButton.swift */; };
		FD5B938027106DBD00BE2364 /* ColorLiterals.swift in Sources */ = {isa = PBXBuildFile; fileRef = FD5B937F27106DBD00BE2364 /* ColorLiterals.swift */; };
		FD5B93822710741B00BE2364 /* StringLiterals.swift in Sources */ = {isa = PBXBuildFile; fileRef = FD5B93812710741B00BE2364 /* StringLiterals.swift */; };
		FD5B938527107DD000BE2364 /* ImageLiterals.swift in Sources */ = {isa = PBXBuildFile; fileRef = FD5B938427107DD000BE2364 /* ImageLiterals.swift */; };
		FD5B93872710841B00BE2364 /* addToolbar.swift in Sources */ = {isa = PBXBuildFile; fileRef = FD5B93862710841B00BE2364 /* addToolbar.swift */; };
		FDCD39E0271C50490072AB10 /* Presentable.swift in Sources */ = {isa = PBXBuildFile; fileRef = FDCD39DF271C50490072AB10 /* Presentable.swift */; };
		FDCD39E2271C50650072AB10 /* CoordinatorFinishOutput.swift in Sources */ = {isa = PBXBuildFile; fileRef = FDCD39E1271C50650072AB10 /* CoordinatorFinishOutput.swift */; };
		FDCD39E4271C507A0072AB10 /* BaseControllable.swift in Sources */ = {isa = PBXBuildFile; fileRef = FDCD39E3271C507A0072AB10 /* BaseControllable.swift */; };
		FDCD39E6271C50870072AB10 /* Coordinator.swift in Sources */ = {isa = PBXBuildFile; fileRef = FDCD39E5271C50870072AB10 /* Coordinator.swift */; };
		FDCD39E9271C50C30072AB10 /* Router.swift in Sources */ = {isa = PBXBuildFile; fileRef = FDCD39E8271C50C30072AB10 /* Router.swift */; };
		FDCD39EB271C543D0072AB10 /* CoordinatorFactory.swift in Sources */ = {isa = PBXBuildFile; fileRef = FDCD39EA271C543D0072AB10 /* CoordinatorFactory.swift */; };
		FDCD39EE271C58CD0072AB10 /* BaseCoordinator.swift in Sources */ = {isa = PBXBuildFile; fileRef = FDCD39ED271C58CD0072AB10 /* BaseCoordinator.swift */; };
		FDCD39F1271C5D980072AB10 /* ApplicationCoordinator.swift in Sources */ = {isa = PBXBuildFile; fileRef = FDCD39F0271C5D980072AB10 /* ApplicationCoordinator.swift */; };
		FDCD39F4271C5DF60072AB10 /* LaunchInstructor.swift in Sources */ = {isa = PBXBuildFile; fileRef = FDCD39F3271C5DF60072AB10 /* LaunchInstructor.swift */; };
		FDCD39FA271C63A30072AB10 /* SigningCoordinator.swift in Sources */ = {isa = PBXBuildFile; fileRef = FDCD39F9271C63A30072AB10 /* SigningCoordinator.swift */; };
		FDCD39FC271C6B260072AB10 /* Logged + UserDefaults.swift in Sources */ = {isa = PBXBuildFile; fileRef = FDCD39FB271C6B260072AB10 /* Logged + UserDefaults.swift */; };
		FDCD39FE271C773B0072AB10 /* MainTabCoordinator.swift in Sources */ = {isa = PBXBuildFile; fileRef = FDCD39FD271C773B0072AB10 /* MainTabCoordinator.swift */; };
		FDCD3A01271C78EB0072AB10 /* MainTabBarController.swift in Sources */ = {isa = PBXBuildFile; fileRef = FDCD3A00271C78EB0072AB10 /* MainTabBarController.swift */; };
		FDCD3A08271C7C250072AB10 /* HomeVC.swift in Sources */ = {isa = PBXBuildFile; fileRef = FDCD3A07271C7C250072AB10 /* HomeVC.swift */; };
		FDCD3A0A271C7C2D0072AB10 /* ShortsVC.swift in Sources */ = {isa = PBXBuildFile; fileRef = FDCD3A09271C7C2D0072AB10 /* ShortsVC.swift */; };
		FDCD3A0C271C7C390072AB10 /* WritingVC.swift in Sources */ = {isa = PBXBuildFile; fileRef = FDCD3A0B271C7C390072AB10 /* WritingVC.swift */; };
		FDCD3A0E271C7C430072AB10 /* SubscribeVC.swift in Sources */ = {isa = PBXBuildFile; fileRef = FDCD3A0D271C7C430072AB10 /* SubscribeVC.swift */; };
		FDCD3A10271C7CB10072AB10 /* LibraryVC.swift in Sources */ = {isa = PBXBuildFile; fileRef = FDCD3A0F271C7CB10072AB10 /* LibraryVC.swift */; };
		FDCD3A12271C83DD0072AB10 /* UIImage + Extension.swift in Sources */ = {isa = PBXBuildFile; fileRef = FDCD3A11271C83DD0072AB10 /* UIImage + Extension.swift */; };
		FDCD3A14271C84B70072AB10 /* NotificationName+Extension.swift in Sources */ = {isa = PBXBuildFile; fileRef = FDCD3A13271C84B70072AB10 /* NotificationName+Extension.swift */; };
		FDCD3A16271C850B0072AB10 /* Home.storyboard in Resources */ = {isa = PBXBuildFile; fileRef = FDCD3A15271C850B0072AB10 /* Home.storyboard */; };
		FDCD3A18271C851A0072AB10 /* Writing.storyboard in Resources */ = {isa = PBXBuildFile; fileRef = FDCD3A17271C851A0072AB10 /* Writing.storyboard */; };
		FDCD3A1A271C852B0072AB10 /* Shorts.storyboard in Resources */ = {isa = PBXBuildFile; fileRef = FDCD3A19271C852B0072AB10 /* Shorts.storyboard */; };
		FDCD3A1C271C85370072AB10 /* Subscribe.storyboard in Resources */ = {isa = PBXBuildFile; fileRef = FDCD3A1B271C85370072AB10 /* Subscribe.storyboard */; };
		FDCD3A1E271C85450072AB10 /* Library.storyboard in Resources */ = {isa = PBXBuildFile; fileRef = FDCD3A1D271C85450072AB10 /* Library.storyboard */; };
		FDCD3A22271C85750072AB10 /* MainTab.storyboard in Resources */ = {isa = PBXBuildFile; fileRef = FDCD3A21271C85750072AB10 /* MainTab.storyboard */; };
		FDCD3A24271C87270072AB10 /* HomeCoordinator.swift in Sources */ = {isa = PBXBuildFile; fileRef = FDCD3A23271C87270072AB10 /* HomeCoordinator.swift */; };
		FDCD3A26271C87340072AB10 /* ShortsCoordinator.swift in Sources */ = {isa = PBXBuildFile; fileRef = FDCD3A25271C87340072AB10 /* ShortsCoordinator.swift */; };
		FDCD3A28271C873C0072AB10 /* WritingCoordinator.swift in Sources */ = {isa = PBXBuildFile; fileRef = FDCD3A27271C873C0072AB10 /* WritingCoordinator.swift */; };
		FDCD3A2A271C874F0072AB10 /* SubscribeCoordinator.swift in Sources */ = {isa = PBXBuildFile; fileRef = FDCD3A29271C874F0072AB10 /* SubscribeCoordinator.swift */; };
		FDCD3A2C271C87580072AB10 /* LibraryCoordinator.swift in Sources */ = {isa = PBXBuildFile; fileRef = FDCD3A2B271C87580072AB10 /* LibraryCoordinator.swift */; };
		FDCD3A2E271C8DD20072AB10 /* SceneDelegate.swift in Sources */ = {isa = PBXBuildFile; fileRef = FDCD3A2D271C8DD20072AB10 /* SceneDelegate.swift */; };
		FDCD3A30271CAFD60072AB10 /* MainNavigationController.swift in Sources */ = {isa = PBXBuildFile; fileRef = FDCD3A2F271CAFD60072AB10 /* MainNavigationController.swift */; };
		FDCD3A32271CB03E0072AB10 /* UIColor + Extension.swift in Sources */ = {isa = PBXBuildFile; fileRef = FDCD3A31271CB03E0072AB10 /* UIColor + Extension.swift */; };
		FDD7A6B9270AB1BC0099F245 /* AppDelegate.swift in Sources */ = {isa = PBXBuildFile; fileRef = FDD7A6B8270AB1BC0099F245 /* AppDelegate.swift */; };
		FDD7A6BD270AB1BC0099F245 /* ViewController.swift in Sources */ = {isa = PBXBuildFile; fileRef = FDD7A6BC270AB1BC0099F245 /* ViewController.swift */; };
/* End PBXBuildFile section */

/* Begin PBXFileReference section */
		42692C6758410515ECBFA1B7 /* Pods-sopt_29th_Assignment.release.xcconfig */ = {isa = PBXFileReference; includeInIndex = 1; lastKnownFileType = text.xcconfig; name = "Pods-sopt_29th_Assignment.release.xcconfig"; path = "Target Support Files/Pods-sopt_29th_Assignment/Pods-sopt_29th_Assignment.release.xcconfig"; sourceTree = "<group>"; };
		7BA0EBF00B8797B38A1E8890 /* Pods-sopt_29th_Assignment.debug.xcconfig */ = {isa = PBXFileReference; includeInIndex = 1; lastKnownFileType = text.xcconfig; name = "Pods-sopt_29th_Assignment.debug.xcconfig"; path = "Target Support Files/Pods-sopt_29th_Assignment/Pods-sopt_29th_Assignment.debug.xcconfig"; sourceTree = "<group>"; };
		FD5B934D27104DC700BE2364 /* makeVibrate.swift */ = {isa = PBXFileReference; lastKnownFileType = sourcecode.swift; path = makeVibrate.swift; sourceTree = "<group>"; };
		FD5B934F27104EFD00BE2364 /* applyShadow.swift */ = {isa = PBXFileReference; lastKnownFileType = sourcecode.swift; path = applyShadow.swift; sourceTree = "<group>"; };
		FD5B935127104F4900BE2364 /* calculateTopInset.swift */ = {isa = PBXFileReference; lastKnownFileType = sourcecode.swift; path = calculateTopInset.swift; sourceTree = "<group>"; };
		FD5B93572710501F00BE2364 /* getClassName + UIViewController.swift */ = {isa = PBXFileReference; lastKnownFileType = sourcecode.swift; path = "getClassName + UIViewController.swift"; sourceTree = "<group>"; };
		FD5B93592710508D00BE2364 /* makeAlert + UIViewController.swift */ = {isa = PBXFileReference; lastKnownFileType = sourcecode.swift; path = "makeAlert + UIViewController.swift"; sourceTree = "<group>"; };
		FD5B935B2710516900BE2364 /* press + UIButton.swift */ = {isa = PBXFileReference; lastKnownFileType = sourcecode.swift; path = "press + UIButton.swift"; sourceTree = "<group>"; };
		FD5B935E2710557200BE2364 /* controllerFromStoryboard + UIViewController.swift */ = {isa = PBXFileReference; lastKnownFileType = sourcecode.swift; path = "controllerFromStoryboard + UIViewController.swift"; sourceTree = "<group>"; };
		FD5B9361271055A100BE2364 /* Storyboards.swift */ = {isa = PBXFileReference; lastKnownFileType = sourcecode.swift; path = Storyboards.swift; sourceTree = "<group>"; };
		FD5B9364271056BE00BE2364 /* ModuleFactory.swift */ = {isa = PBXFileReference; lastKnownFileType = sourcecode.swift; path = ModuleFactory.swift; sourceTree = "<group>"; };
		FD5B936827105F7A00BE2364 /* SignInVC.swift */ = {isa = PBXFileReference; lastKnownFileType = sourcecode.swift; path = SignInVC.swift; sourceTree = "<group>"; };
		FD5B936A27105F8900BE2364 /* SignUpVC.swift */ = {isa = PBXFileReference; lastKnownFileType = sourcecode.swift; path = SignUpVC.swift; sourceTree = "<group>"; };
		FD5B936C27105F9300BE2364 /* SignUpCompleteVC.swift */ = {isa = PBXFileReference; lastKnownFileType = sourcecode.swift; path = SignUpCompleteVC.swift; sourceTree = "<group>"; };
		FD5B936E2710609E00BE2364 /* Account.storyboard */ = {isa = PBXFileReference; lastKnownFileType = file.storyboard; path = Account.storyboard; sourceTree = "<group>"; };
		FD5B9376271063A500BE2364 /* CustomInputTextField.swift */ = {isa = PBXFileReference; lastKnownFileType = sourcecode.swift; path = CustomInputTextField.swift; sourceTree = "<group>"; };
		FD5B937B271067E300BE2364 /* addPadding + UITextField.swift */ = {isa = PBXFileReference; lastKnownFileType = sourcecode.swift; path = "addPadding + UITextField.swift"; sourceTree = "<group>"; };
		FD5B937D27106CB500BE2364 /* CustomBlueButton.swift */ = {isa = PBXFileReference; lastKnownFileType = sourcecode.swift; path = CustomBlueButton.swift; sourceTree = "<group>"; };
		FD5B937F27106DBD00BE2364 /* ColorLiterals.swift */ = {isa = PBXFileReference; lastKnownFileType = sourcecode.swift; path = ColorLiterals.swift; sourceTree = "<group>"; };
		FD5B93812710741B00BE2364 /* StringLiterals.swift */ = {isa = PBXFileReference; lastKnownFileType = sourcecode.swift; path = StringLiterals.swift; sourceTree = "<group>"; };
		FD5B938427107DD000BE2364 /* ImageLiterals.swift */ = {isa = PBXFileReference; lastKnownFileType = sourcecode.swift; path = ImageLiterals.swift; sourceTree = "<group>"; };
		FD5B93862710841B00BE2364 /* addToolbar.swift */ = {isa = PBXFileReference; lastKnownFileType = sourcecode.swift; path = addToolbar.swift; sourceTree = "<group>"; };
		FDCD39DF271C50490072AB10 /* Presentable.swift */ = {isa = PBXFileReference; lastKnownFileType = sourcecode.swift; path = Presentable.swift; sourceTree = "<group>"; };
		FDCD39E1271C50650072AB10 /* CoordinatorFinishOutput.swift */ = {isa = PBXFileReference; lastKnownFileType = sourcecode.swift; path = CoordinatorFinishOutput.swift; sourceTree = "<group>"; };
		FDCD39E3271C507A0072AB10 /* BaseControllable.swift */ = {isa = PBXFileReference; lastKnownFileType = sourcecode.swift; path = BaseControllable.swift; sourceTree = "<group>"; };
		FDCD39E5271C50870072AB10 /* Coordinator.swift */ = {isa = PBXFileReference; lastKnownFileType = sourcecode.swift; path = Coordinator.swift; sourceTree = "<group>"; };
		FDCD39E8271C50C30072AB10 /* Router.swift */ = {isa = PBXFileReference; lastKnownFileType = sourcecode.swift; path = Router.swift; sourceTree = "<group>"; };
		FDCD39EA271C543D0072AB10 /* CoordinatorFactory.swift */ = {isa = PBXFileReference; lastKnownFileType = sourcecode.swift; path = CoordinatorFactory.swift; sourceTree = "<group>"; };
		FDCD39ED271C58CD0072AB10 /* BaseCoordinator.swift */ = {isa = PBXFileReference; lastKnownFileType = sourcecode.swift; path = BaseCoordinator.swift; sourceTree = "<group>"; };
		FDCD39F0271C5D980072AB10 /* ApplicationCoordinator.swift */ = {isa = PBXFileReference; lastKnownFileType = sourcecode.swift; path = ApplicationCoordinator.swift; sourceTree = "<group>"; };
		FDCD39F3271C5DF60072AB10 /* LaunchInstructor.swift */ = {isa = PBXFileReference; lastKnownFileType = sourcecode.swift; path = LaunchInstructor.swift; sourceTree = "<group>"; };
		FDCD39F9271C63A30072AB10 /* SigningCoordinator.swift */ = {isa = PBXFileReference; lastKnownFileType = sourcecode.swift; path = SigningCoordinator.swift; sourceTree = "<group>"; };
		FDCD39FB271C6B260072AB10 /* Logged + UserDefaults.swift */ = {isa = PBXFileReference; lastKnownFileType = sourcecode.swift; path = "Logged + UserDefaults.swift"; sourceTree = "<group>"; };
		FDCD39FD271C773B0072AB10 /* MainTabCoordinator.swift */ = {isa = PBXFileReference; lastKnownFileType = sourcecode.swift; path = MainTabCoordinator.swift; sourceTree = "<group>"; };
		FDCD3A00271C78EB0072AB10 /* MainTabBarController.swift */ = {isa = PBXFileReference; lastKnownFileType = sourcecode.swift; path = MainTabBarController.swift; sourceTree = "<group>"; };
		FDCD3A07271C7C250072AB10 /* HomeVC.swift */ = {isa = PBXFileReference; lastKnownFileType = sourcecode.swift; path = HomeVC.swift; sourceTree = "<group>"; };
		FDCD3A09271C7C2D0072AB10 /* ShortsVC.swift */ = {isa = PBXFileReference; lastKnownFileType = sourcecode.swift; path = ShortsVC.swift; sourceTree = "<group>"; };
		FDCD3A0B271C7C390072AB10 /* WritingVC.swift */ = {isa = PBXFileReference; lastKnownFileType = sourcecode.swift; path = WritingVC.swift; sourceTree = "<group>"; };
		FDCD3A0D271C7C430072AB10 /* SubscribeVC.swift */ = {isa = PBXFileReference; lastKnownFileType = sourcecode.swift; path = SubscribeVC.swift; sourceTree = "<group>"; };
		FDCD3A0F271C7CB10072AB10 /* LibraryVC.swift */ = {isa = PBXFileReference; lastKnownFileType = sourcecode.swift; path = LibraryVC.swift; sourceTree = "<group>"; };
		FDCD3A11271C83DD0072AB10 /* UIImage + Extension.swift */ = {isa = PBXFileReference; lastKnownFileType = sourcecode.swift; path = "UIImage + Extension.swift"; sourceTree = "<group>"; };
		FDCD3A13271C84B70072AB10 /* NotificationName+Extension.swift */ = {isa = PBXFileReference; lastKnownFileType = sourcecode.swift; path = "NotificationName+Extension.swift"; sourceTree = "<group>"; };
		FDCD3A15271C850B0072AB10 /* Home.storyboard */ = {isa = PBXFileReference; lastKnownFileType = file.storyboard; path = Home.storyboard; sourceTree = "<group>"; };
		FDCD3A17271C851A0072AB10 /* Writing.storyboard */ = {isa = PBXFileReference; lastKnownFileType = file.storyboard; path = Writing.storyboard; sourceTree = "<group>"; };
		FDCD3A19271C852B0072AB10 /* Shorts.storyboard */ = {isa = PBXFileReference; lastKnownFileType = file.storyboard; path = Shorts.storyboard; sourceTree = "<group>"; };
		FDCD3A1B271C85370072AB10 /* Subscribe.storyboard */ = {isa = PBXFileReference; lastKnownFileType = file.storyboard; path = Subscribe.storyboard; sourceTree = "<group>"; };
		FDCD3A1D271C85450072AB10 /* Library.storyboard */ = {isa = PBXFileReference; lastKnownFileType = file.storyboard; path = Library.storyboard; sourceTree = "<group>"; };
		FDCD3A21271C85750072AB10 /* MainTab.storyboard */ = {isa = PBXFileReference; lastKnownFileType = file.storyboard; path = MainTab.storyboard; sourceTree = "<group>"; };
		FDCD3A23271C87270072AB10 /* HomeCoordinator.swift */ = {isa = PBXFileReference; lastKnownFileType = sourcecode.swift; path = HomeCoordinator.swift; sourceTree = "<group>"; };
		FDCD3A25271C87340072AB10 /* ShortsCoordinator.swift */ = {isa = PBXFileReference; lastKnownFileType = sourcecode.swift; path = ShortsCoordinator.swift; sourceTree = "<group>"; };
		FDCD3A27271C873C0072AB10 /* WritingCoordinator.swift */ = {isa = PBXFileReference; lastKnownFileType = sourcecode.swift; path = WritingCoordinator.swift; sourceTree = "<group>"; };
		FDCD3A29271C874F0072AB10 /* SubscribeCoordinator.swift */ = {isa = PBXFileReference; lastKnownFileType = sourcecode.swift; path = SubscribeCoordinator.swift; sourceTree = "<group>"; };
		FDCD3A2B271C87580072AB10 /* LibraryCoordinator.swift */ = {isa = PBXFileReference; lastKnownFileType = sourcecode.swift; path = LibraryCoordinator.swift; sourceTree = "<group>"; };
		FDCD3A2D271C8DD20072AB10 /* SceneDelegate.swift */ = {isa = PBXFileReference; lastKnownFileType = sourcecode.swift; path = SceneDelegate.swift; sourceTree = "<group>"; };
		FDCD3A2F271CAFD60072AB10 /* MainNavigationController.swift */ = {isa = PBXFileReference; lastKnownFileType = sourcecode.swift; path = MainNavigationController.swift; sourceTree = "<group>"; };
		FDCD3A31271CB03E0072AB10 /* UIColor + Extension.swift */ = {isa = PBXFileReference; lastKnownFileType = sourcecode.swift; path = "UIColor + Extension.swift"; sourceTree = "<group>"; };
		FDD7A6B5270AB1BC0099F245 /* sopt_29th_Assignment.app */ = {isa = PBXFileReference; explicitFileType = wrapper.application; includeInIndex = 0; path = sopt_29th_Assignment.app; sourceTree = BUILT_PRODUCTS_DIR; };
		FDD7A6B8270AB1BC0099F245 /* AppDelegate.swift */ = {isa = PBXFileReference; lastKnownFileType = sourcecode.swift; path = AppDelegate.swift; sourceTree = "<group>"; };
		FDD7A6BC270AB1BC0099F245 /* ViewController.swift */ = {isa = PBXFileReference; lastKnownFileType = sourcecode.swift; path = ViewController.swift; sourceTree = "<group>"; };
		FDD7A6BF270AB1BC0099F245 /* Base */ = {isa = PBXFileReference; lastKnownFileType = file.storyboard; name = Base; path = Base.lproj/Main.storyboard; sourceTree = "<group>"; };
		FDD7A6C1270AB1BE0099F245 /* Assets.xcassets */ = {isa = PBXFileReference; lastKnownFileType = folder.assetcatalog; path = Assets.xcassets; sourceTree = "<group>"; };
		FDD7A6C4270AB1BE0099F245 /* Base */ = {isa = PBXFileReference; lastKnownFileType = file.storyboard; name = Base; path = Base.lproj/LaunchScreen.storyboard; sourceTree = "<group>"; };
		FDD7A6C6270AB1BE0099F245 /* Info.plist */ = {isa = PBXFileReference; lastKnownFileType = text.plist.xml; name = Info.plist; path = "sopt_29th_Assignment/Global/Supporting FIles/Info.plist"; sourceTree = SOURCE_ROOT; };
		FDE0ADBE3C1804B8E78D70D9 /* Pods_sopt_29th_Assignment.framework */ = {isa = PBXFileReference; explicitFileType = wrapper.framework; includeInIndex = 0; path = Pods_sopt_29th_Assignment.framework; sourceTree = BUILT_PRODUCTS_DIR; };
/* End PBXFileReference section */

/* Begin PBXFrameworksBuildPhase section */
		FDD7A6B2270AB1BC0099F245 /* Frameworks */ = {
			isa = PBXFrameworksBuildPhase;
			buildActionMask = 2147483647;
			files = (
				D745BC8FFD0438C4A6EABAC4 /* Pods_sopt_29th_Assignment.framework in Frameworks */,
			);
			runOnlyForDeploymentPostprocessing = 0;
		};
/* End PBXFrameworksBuildPhase section */

/* Begin PBXGroup section */
		10061CBCE8FC6BF76EFCFD76 /* Pods */ = {
			isa = PBXGroup;
			children = (
				7BA0EBF00B8797B38A1E8890 /* Pods-sopt_29th_Assignment.debug.xcconfig */,
				42692C6758410515ECBFA1B7 /* Pods-sopt_29th_Assignment.release.xcconfig */,
			);
			name = Pods;
			path = Pods;
			sourceTree = "<group>";
		};
		34B50A1F613194144E39964D /* Frameworks */ = {
			isa = PBXGroup;
			children = (
				FDE0ADBE3C1804B8E78D70D9 /* Pods_sopt_29th_Assignment.framework */,
			);
			name = Frameworks;
			sourceTree = "<group>";
		};
		FD5B934827104B3700BE2364 /* Screens */ = {
			isa = PBXGroup;
			children = (
				FDCD3A06271C7C130072AB10 /* Library */,
				FDCD3A05271C7C0C0072AB10 /* Subscribe */,
				FDCD3A04271C7BFE0072AB10 /* Writing */,
				FDCD3A03271C7BF80072AB10 /* Shorts */,
				FDCD3A02271C7BF30072AB10 /* Home */,
				FDCD39FF271C78AE0072AB10 /* Main */,
				FD5B93662710586200BE2364 /* Account */,
				FDD7A6BC270AB1BC0099F245 /* ViewController.swift */,
			);
			path = Screens;
			sourceTree = "<group>";
		};
		FD5B934927104B5E00BE2364 /* Global */ = {
			isa = PBXGroup;
			children = (
				FD5B93752710637E00BE2364 /* UIComponents */,
				FD5B93602710559800BE2364 /* Storyboards */,
				FD5B93562710501000BE2364 /* Extension */,
				FD5B935427104F9600BE2364 /* Resource */,
				FD5B934C27104DAC00BE2364 /* Literals */,
				FD5B934B27104B7C00BE2364 /* Utils */,
				FD5B934A27104B6F00BE2364 /* Supporting FIles */,
			);
			path = Global;
			sourceTree = "<group>";
		};
		FD5B934A27104B6F00BE2364 /* Supporting FIles */ = {
			isa = PBXGroup;
			children = (
				FDD7A6C6270AB1BE0099F245 /* Info.plist */,
			);
			path = "Supporting FIles";
			sourceTree = "<group>";
		};
		FD5B934B27104B7C00BE2364 /* Utils */ = {
			isa = PBXGroup;
			children = (
				FD5B934D27104DC700BE2364 /* makeVibrate.swift */,
				FD5B934F27104EFD00BE2364 /* applyShadow.swift */,
				FD5B935127104F4900BE2364 /* calculateTopInset.swift */,
				FD5B93862710841B00BE2364 /* addToolbar.swift */,
				FDCD39FB271C6B260072AB10 /* Logged + UserDefaults.swift */,
			);
			path = Utils;
			sourceTree = "<group>";
		};
		FD5B934C27104DAC00BE2364 /* Literals */ = {
			isa = PBXGroup;
			children = (
				FD5B937F27106DBD00BE2364 /* ColorLiterals.swift */,
				FD5B93812710741B00BE2364 /* StringLiterals.swift */,
				FD5B938427107DD000BE2364 /* ImageLiterals.swift */,
			);
			path = Literals;
			sourceTree = "<group>";
		};
		FD5B935427104F9600BE2364 /* Resource */ = {
			isa = PBXGroup;
			children = (
				FDD7A6C1270AB1BE0099F245 /* Assets.xcassets */,
			);
			path = Resource;
			sourceTree = "<group>";
		};
		FD5B93562710501000BE2364 /* Extension */ = {
			isa = PBXGroup;
			children = (
				FD5B93572710501F00BE2364 /* getClassName + UIViewController.swift */,
				FD5B93592710508D00BE2364 /* makeAlert + UIViewController.swift */,
				FD5B935B2710516900BE2364 /* press + UIButton.swift */,
				FD5B935E2710557200BE2364 /* controllerFromStoryboard + UIViewController.swift */,
				FD5B937B271067E300BE2364 /* addPadding + UITextField.swift */,
				FDCD3A11271C83DD0072AB10 /* UIImage + Extension.swift */,
				FDCD3A13271C84B70072AB10 /* NotificationName+Extension.swift */,
				FDCD3A31271CB03E0072AB10 /* UIColor + Extension.swift */,
			);
			path = Extension;
			sourceTree = "<group>";
		};
		FD5B935D2710546800BE2364 /* Delegate */ = {
			isa = PBXGroup;
			children = (
				FDD7A6B8270AB1BC0099F245 /* AppDelegate.swift */,
				FDCD3A2D271C8DD20072AB10 /* SceneDelegate.swift */,
			);
			path = Delegate;
			sourceTree = "<group>";
		};
		FD5B93602710559800BE2364 /* Storyboards */ = {
			isa = PBXGroup;
			children = (
				FDD7A6BE270AB1BC0099F245 /* Main.storyboard */,
				FDD7A6C3270AB1BE0099F245 /* LaunchScreen.storyboard */,
				FD5B9361271055A100BE2364 /* Storyboards.swift */,
				FD5B936E2710609E00BE2364 /* Account.storyboard */,
			);
			path = Storyboards;
			sourceTree = "<group>";
		};
		FD5B9363271056AF00BE2364 /* Factory */ = {
			isa = PBXGroup;
			children = (
				FD5B9364271056BE00BE2364 /* ModuleFactory.swift */,
				FDCD39EA271C543D0072AB10 /* CoordinatorFactory.swift */,
			);
			path = Factory;
			sourceTree = "<group>";
		};
		FD5B93662710586200BE2364 /* Account */ = {
			isa = PBXGroup;
			children = (
				FD5B936827105F7A00BE2364 /* SignInVC.swift */,
				FD5B936A27105F8900BE2364 /* SignUpVC.swift */,
				FD5B936C27105F9300BE2364 /* SignUpCompleteVC.swift */,
			);
			path = Account;
			sourceTree = "<group>";
		};
		FD5B93752710637E00BE2364 /* UIComponents */ = {
			isa = PBXGroup;
			children = (
				FD5B9376271063A500BE2364 /* CustomInputTextField.swift */,
				FD5B937D27106CB500BE2364 /* CustomBlueButton.swift */,
			);
			path = UIComponents;
			sourceTree = "<group>";
		};
		FDCD39DD271C4E7B0072AB10 /* Coordinator */ = {
			isa = PBXGroup;
			children = (
				FD5B935D2710546800BE2364 /* Delegate */,
				FDCD39F2271C5DEB0072AB10 /* Enum */,
				FDCD39EF271C5D860072AB10 /* Application */,
				FDCD39EC271C58C00072AB10 /* Base */,
				FD5B9363271056AF00BE2364 /* Factory */,
				FDCD39E7271C50A70072AB10 /* Router */,
				FDCD39DE271C4E8A0072AB10 /* Protocols */,
			);
			path = Coordinator;
			sourceTree = "<group>";
		};
		FDCD39DE271C4E8A0072AB10 /* Protocols */ = {
			isa = PBXGroup;
			children = (
				FDCD39DF271C50490072AB10 /* Presentable.swift */,
				FDCD39E1271C50650072AB10 /* CoordinatorFinishOutput.swift */,
				FDCD39E3271C507A0072AB10 /* BaseControllable.swift */,
				FDCD39E5271C50870072AB10 /* Coordinator.swift */,
			);
			path = Protocols;
			sourceTree = "<group>";
		};
		FDCD39E7271C50A70072AB10 /* Router */ = {
			isa = PBXGroup;
			children = (
				FDCD39E8271C50C30072AB10 /* Router.swift */,
			);
			path = Router;
			sourceTree = "<group>";
		};
		FDCD39EC271C58C00072AB10 /* Base */ = {
			isa = PBXGroup;
			children = (
				FDCD39ED271C58CD0072AB10 /* BaseCoordinator.swift */,
			);
			path = Base;
			sourceTree = "<group>";
		};
		FDCD39EF271C5D860072AB10 /* Application */ = {
			isa = PBXGroup;
			children = (
				FDCD39F0271C5D980072AB10 /* ApplicationCoordinator.swift */,
				FDCD39F9271C63A30072AB10 /* SigningCoordinator.swift */,
				FDCD39FD271C773B0072AB10 /* MainTabCoordinator.swift */,
				FDCD3A23271C87270072AB10 /* HomeCoordinator.swift */,
				FDCD3A25271C87340072AB10 /* ShortsCoordinator.swift */,
				FDCD3A27271C873C0072AB10 /* WritingCoordinator.swift */,
				FDCD3A29271C874F0072AB10 /* SubscribeCoordinator.swift */,
				FDCD3A2B271C87580072AB10 /* LibraryCoordinator.swift */,
			);
			path = Application;
			sourceTree = "<group>";
		};
		FDCD39F2271C5DEB0072AB10 /* Enum */ = {
			isa = PBXGroup;
			children = (
				FDCD39F3271C5DF60072AB10 /* LaunchInstructor.swift */,
			);
			path = Enum;
			sourceTree = "<group>";
		};
		FDCD39FF271C78AE0072AB10 /* Main */ = {
			isa = PBXGroup;
			children = (
				FDCD3A00271C78EB0072AB10 /* MainTabBarController.swift */,
				FDCD3A21271C85750072AB10 /* MainTab.storyboard */,
				FDCD3A2F271CAFD60072AB10 /* MainNavigationController.swift */,
			);
			path = Main;
			sourceTree = "<group>";
		};
		FDCD3A02271C7BF30072AB10 /* Home */ = {
			isa = PBXGroup;
			children = (
				FDCD3A07271C7C250072AB10 /* HomeVC.swift */,
				FDCD3A15271C850B0072AB10 /* Home.storyboard */,
			);
			path = Home;
			sourceTree = "<group>";
		};
		FDCD3A03271C7BF80072AB10 /* Shorts */ = {
			isa = PBXGroup;
			children = (
				FDCD3A09271C7C2D0072AB10 /* ShortsVC.swift */,
				FDCD3A19271C852B0072AB10 /* Shorts.storyboard */,
			);
			path = Shorts;
			sourceTree = "<group>";
		};
		FDCD3A04271C7BFE0072AB10 /* Writing */ = {
			isa = PBXGroup;
			children = (
				FDCD3A17271C851A0072AB10 /* Writing.storyboard */,
				FDCD3A0B271C7C390072AB10 /* WritingVC.swift */,
			);
			path = Writing;
			sourceTree = "<group>";
		};
		FDCD3A05271C7C0C0072AB10 /* Subscribe */ = {
			isa = PBXGroup;
			children = (
				FDCD3A0D271C7C430072AB10 /* SubscribeVC.swift */,
				FDCD3A1B271C85370072AB10 /* Subscribe.storyboard */,
			);
			path = Subscribe;
			sourceTree = "<group>";
		};
		FDCD3A06271C7C130072AB10 /* Library */ = {
			isa = PBXGroup;
			children = (
				FDCD3A0F271C7CB10072AB10 /* LibraryVC.swift */,
				FDCD3A1D271C85450072AB10 /* Library.storyboard */,
			);
			path = Library;
			sourceTree = "<group>";
		};
		FDD7A6AC270AB1BC0099F245 = {
			isa = PBXGroup;
			children = (
				FDD7A6B7270AB1BC0099F245 /* sopt_29th_Assignment */,
				FDD7A6B6270AB1BC0099F245 /* Products */,
				10061CBCE8FC6BF76EFCFD76 /* Pods */,
				34B50A1F613194144E39964D /* Frameworks */,
			);
			sourceTree = "<group>";
		};
		FDD7A6B6270AB1BC0099F245 /* Products */ = {
			isa = PBXGroup;
			children = (
				FDD7A6B5270AB1BC0099F245 /* sopt_29th_Assignment.app */,
			);
			name = Products;
			sourceTree = "<group>";
		};
		FDD7A6B7270AB1BC0099F245 /* sopt_29th_Assignment */ = {
			isa = PBXGroup;
			children = (
				FDCD39DD271C4E7B0072AB10 /* Coordinator */,
				FD5B934927104B5E00BE2364 /* Global */,
				FD5B934827104B3700BE2364 /* Screens */,
			);
			path = sopt_29th_Assignment;
			sourceTree = "<group>";
		};
/* End PBXGroup section */

/* Begin PBXNativeTarget section */
		FDD7A6B4270AB1BC0099F245 /* sopt_29th_Assignment */ = {
			isa = PBXNativeTarget;
			buildConfigurationList = FDD7A6C9270AB1BE0099F245 /* Build configuration list for PBXNativeTarget "sopt_29th_Assignment" */;
			buildPhases = (
				574CB164059E57F1DD0A28DA /* [CP] Check Pods Manifest.lock */,
				FDD7A6B1270AB1BC0099F245 /* Sources */,
				FDD7A6B2270AB1BC0099F245 /* Frameworks */,
				FDD7A6B3270AB1BC0099F245 /* Resources */,
				B1A0938C110466ED4676759F /* [CP] Embed Pods Frameworks */,
			);
			buildRules = (
			);
			dependencies = (
			);
			name = sopt_29th_Assignment;
			productName = sopt_29th_Assignment;
			productReference = FDD7A6B5270AB1BC0099F245 /* sopt_29th_Assignment.app */;
			productType = "com.apple.product-type.application";
		};
/* End PBXNativeTarget section */

/* Begin PBXProject section */
		FDD7A6AD270AB1BC0099F245 /* Project object */ = {
			isa = PBXProject;
			attributes = {
				BuildIndependentTargetsInParallel = 1;
				LastSwiftUpdateCheck = 1300;
				LastUpgradeCheck = 1300;
				TargetAttributes = {
					FDD7A6B4270AB1BC0099F245 = {
						CreatedOnToolsVersion = 13.0;
					};
				};
			};
			buildConfigurationList = FDD7A6B0270AB1BC0099F245 /* Build configuration list for PBXProject "sopt_29th_Assignment" */;
			compatibilityVersion = "Xcode 13.0";
			developmentRegion = en;
			hasScannedForEncodings = 0;
			knownRegions = (
				en,
				Base,
				ko,
			);
			mainGroup = FDD7A6AC270AB1BC0099F245;
			productRefGroup = FDD7A6B6270AB1BC0099F245 /* Products */;
			projectDirPath = "";
			projectRoot = "";
			targets = (
				FDD7A6B4270AB1BC0099F245 /* sopt_29th_Assignment */,
			);
		};
/* End PBXProject section */

/* Begin PBXResourcesBuildPhase section */
		FDD7A6B3270AB1BC0099F245 /* Resources */ = {
			isa = PBXResourcesBuildPhase;
			buildActionMask = 2147483647;
			files = (
				FD5B936F2710609E00BE2364 /* Account.storyboard in Resources */,
				FDCD3A18271C851A0072AB10 /* Writing.storyboard in Resources */,
				FD5B93792710674800BE2364 /* Assets.xcassets in Resources */,
				FDCD3A1A271C852B0072AB10 /* Shorts.storyboard in Resources */,
				FD5B93782710670500BE2364 /* Main.storyboard in Resources */,
				FDCD3A1C271C85370072AB10 /* Subscribe.storyboard in Resources */,
				FDCD3A1E271C85450072AB10 /* Library.storyboard in Resources */,
				FDCD3A22271C85750072AB10 /* MainTab.storyboard in Resources */,
				FDCD3A16271C850B0072AB10 /* Home.storyboard in Resources */,
			);
			runOnlyForDeploymentPostprocessing = 0;
		};
/* End PBXResourcesBuildPhase section */

/* Begin PBXShellScriptBuildPhase section */
		574CB164059E57F1DD0A28DA /* [CP] Check Pods Manifest.lock */ = {
			isa = PBXShellScriptBuildPhase;
			buildActionMask = 2147483647;
			files = (
			);
			inputFileListPaths = (
			);
			inputPaths = (
				"${PODS_PODFILE_DIR_PATH}/Podfile.lock",
				"${PODS_ROOT}/Manifest.lock",
			);
			name = "[CP] Check Pods Manifest.lock";
			outputFileListPaths = (
			);
			outputPaths = (
				"$(DERIVED_FILE_DIR)/Pods-sopt_29th_Assignment-checkManifestLockResult.txt",
			);
			runOnlyForDeploymentPostprocessing = 0;
			shellPath = /bin/sh;
			shellScript = "diff \"${PODS_PODFILE_DIR_PATH}/Podfile.lock\" \"${PODS_ROOT}/Manifest.lock\" > /dev/null\nif [ $? != 0 ] ; then\n    # print error to STDERR\n    echo \"error: The sandbox is not in sync with the Podfile.lock. Run 'pod install' or update your CocoaPods installation.\" >&2\n    exit 1\nfi\n# This output is used by Xcode 'outputs' to avoid re-running this script phase.\necho \"SUCCESS\" > \"${SCRIPT_OUTPUT_FILE_0}\"\n";
			showEnvVarsInLog = 0;
		};
		B1A0938C110466ED4676759F /* [CP] Embed Pods Frameworks */ = {
			isa = PBXShellScriptBuildPhase;
			buildActionMask = 2147483647;
			files = (
			);
			inputFileListPaths = (
				"${PODS_ROOT}/Target Support Files/Pods-sopt_29th_Assignment/Pods-sopt_29th_Assignment-frameworks-${CONFIGURATION}-input-files.xcfilelist",
			);
			name = "[CP] Embed Pods Frameworks";
			outputFileListPaths = (
				"${PODS_ROOT}/Target Support Files/Pods-sopt_29th_Assignment/Pods-sopt_29th_Assignment-frameworks-${CONFIGURATION}-output-files.xcfilelist",
			);
			runOnlyForDeploymentPostprocessing = 0;
			shellPath = /bin/sh;
			shellScript = "\"${PODS_ROOT}/Target Support Files/Pods-sopt_29th_Assignment/Pods-sopt_29th_Assignment-frameworks.sh\"\n";
			showEnvVarsInLog = 0;
		};
/* End PBXShellScriptBuildPhase section */

/* Begin PBXSourcesBuildPhase section */
		FDD7A6B1270AB1BC0099F245 /* Sources */ = {
			isa = PBXSourcesBuildPhase;
			buildActionMask = 2147483647;
			files = (
				FD5B936D27105F9300BE2364 /* SignUpCompleteVC.swift in Sources */,
				FD5B936B27105F8900BE2364 /* SignUpVC.swift in Sources */,
				FDCD3A2C271C87580072AB10 /* LibraryCoordinator.swift in Sources */,
				FDCD39E6271C50870072AB10 /* Coordinator.swift in Sources */,
				FD5B93582710501F00BE2364 /* getClassName + UIViewController.swift in Sources */,
				FDCD39F4271C5DF60072AB10 /* LaunchInstructor.swift in Sources */,
				FDCD39E9271C50C30072AB10 /* Router.swift in Sources */,
				FDCD39F1271C5D980072AB10 /* ApplicationCoordinator.swift in Sources */,
				FD5B935027104EFD00BE2364 /* applyShadow.swift in Sources */,
				FDCD3A14271C84B70072AB10 /* NotificationName+Extension.swift in Sources */,
				FDCD3A26271C87340072AB10 /* ShortsCoordinator.swift in Sources */,
				FDCD3A24271C87270072AB10 /* HomeCoordinator.swift in Sources */,
				FDCD3A0A271C7C2D0072AB10 /* ShortsVC.swift in Sources */,
				FD5B937E27106CB500BE2364 /* CustomBlueButton.swift in Sources */,
				FD5B938027106DBD00BE2364 /* ColorLiterals.swift in Sources */,
				FDCD39E2271C50650072AB10 /* CoordinatorFinishOutput.swift in Sources */,
				FDCD39FE271C773B0072AB10 /* MainTabCoordinator.swift in Sources */,
				FD5B93822710741B00BE2364 /* StringLiterals.swift in Sources */,
				FDCD3A30271CAFD60072AB10 /* MainNavigationController.swift in Sources */,
				FDCD3A2A271C874F0072AB10 /* SubscribeCoordinator.swift in Sources */,
				FDCD39E0271C50490072AB10 /* Presentable.swift in Sources */,
				FDCD39EE271C58CD0072AB10 /* BaseCoordinator.swift in Sources */,
				FD5B9377271063A500BE2364 /* CustomInputTextField.swift in Sources */,
				FDD7A6BD270AB1BC0099F245 /* ViewController.swift in Sources */,
				FDCD3A01271C78EB0072AB10 /* MainTabBarController.swift in Sources */,
				FDCD3A0C271C7C390072AB10 /* WritingVC.swift in Sources */,
				FDCD3A0E271C7C430072AB10 /* SubscribeVC.swift in Sources */,
				FD5B935227104F4900BE2364 /* calculateTopInset.swift in Sources */,
				FD5B9365271056BE00BE2364 /* ModuleFactory.swift in Sources */,
				FD5B936927105F7A00BE2364 /* SignInVC.swift in Sources */,
				FDCD3A10271C7CB10072AB10 /* LibraryVC.swift in Sources */,
				FDCD3A08271C7C250072AB10 /* HomeVC.swift in Sources */,
				FD5B9362271055A100BE2364 /* Storyboards.swift in Sources */,
				FDD7A6B9270AB1BC0099F245 /* AppDelegate.swift in Sources */,
				FD5B937C271067E300BE2364 /* addPadding + UITextField.swift in Sources */,
				FDCD3A32271CB03E0072AB10 /* UIColor + Extension.swift in Sources */,
				FD5B935F2710557200BE2364 /* controllerFromStoryboard + UIViewController.swift in Sources */,
				FD5B935C2710516900BE2364 /* press + UIButton.swift in Sources */,
				FDCD3A12271C83DD0072AB10 /* UIImage + Extension.swift in Sources */,
				FDCD39FA271C63A30072AB10 /* SigningCoordinator.swift in Sources */,
				FD5B934E27104DC700BE2364 /* makeVibrate.swift in Sources */,
				FDCD3A2E271C8DD20072AB10 /* SceneDelegate.swift in Sources */,
				FDCD39EB271C543D0072AB10 /* CoordinatorFactory.swift in Sources */,
				FD5B93872710841B00BE2364 /* addToolbar.swift in Sources */,
				FDCD39E4271C507A0072AB10 /* BaseControllable.swift in Sources */,
				FDCD3A28271C873C0072AB10 /* WritingCoordinator.swift in Sources */,
				FD5B938527107DD000BE2364 /* ImageLiterals.swift in Sources */,
				FDCD39FC271C6B260072AB10 /* Logged + UserDefaults.swift in Sources */,
				FD5B935A2710508D00BE2364 /* makeAlert + UIViewController.swift in Sources */,
			);
			runOnlyForDeploymentPostprocessing = 0;
		};
/* End PBXSourcesBuildPhase section */

/* Begin PBXVariantGroup section */
		FDD7A6BE270AB1BC0099F245 /* Main.storyboard */ = {
			isa = PBXVariantGroup;
			children = (
				FDD7A6BF270AB1BC0099F245 /* Base */,
			);
			name = Main.storyboard;
			sourceTree = "<group>";
		};
		FDD7A6C3270AB1BE0099F245 /* LaunchScreen.storyboard */ = {
			isa = PBXVariantGroup;
			children = (
				FDD7A6C4270AB1BE0099F245 /* Base */,
			);
			name = LaunchScreen.storyboard;
			sourceTree = "<group>";
		};
/* End PBXVariantGroup section */

/* Begin XCBuildConfiguration section */
		FDD7A6C7270AB1BE0099F245 /* Debug */ = {
			isa = XCBuildConfiguration;
			buildSettings = {
				ALWAYS_SEARCH_USER_PATHS = NO;
				CLANG_ANALYZER_LOCALIZABILITY_NONLOCALIZED = YES;
				CLANG_ANALYZER_NONNULL = YES;
				CLANG_ANALYZER_NUMBER_OBJECT_CONVERSION = YES_AGGRESSIVE;
				CLANG_CXX_LANGUAGE_STANDARD = "gnu++17";
				CLANG_CXX_LIBRARY = "libc++";
				CLANG_ENABLE_MODULES = YES;
				CLANG_ENABLE_OBJC_ARC = YES;
				CLANG_ENABLE_OBJC_WEAK = YES;
				CLANG_WARN_BLOCK_CAPTURE_AUTORELEASING = YES;
				CLANG_WARN_BOOL_CONVERSION = YES;
				CLANG_WARN_COMMA = YES;
				CLANG_WARN_CONSTANT_CONVERSION = YES;
				CLANG_WARN_DEPRECATED_OBJC_IMPLEMENTATIONS = YES;
				CLANG_WARN_DIRECT_OBJC_ISA_USAGE = YES_ERROR;
				CLANG_WARN_DOCUMENTATION_COMMENTS = YES;
				CLANG_WARN_EMPTY_BODY = YES;
				CLANG_WARN_ENUM_CONVERSION = YES;
				CLANG_WARN_INFINITE_RECURSION = YES;
				CLANG_WARN_INT_CONVERSION = YES;
				CLANG_WARN_NON_LITERAL_NULL_CONVERSION = YES;
				CLANG_WARN_OBJC_IMPLICIT_RETAIN_SELF = YES;
				CLANG_WARN_OBJC_LITERAL_CONVERSION = YES;
				CLANG_WARN_OBJC_ROOT_CLASS = YES_ERROR;
				CLANG_WARN_QUOTED_INCLUDE_IN_FRAMEWORK_HEADER = YES;
				CLANG_WARN_RANGE_LOOP_ANALYSIS = YES;
				CLANG_WARN_STRICT_PROTOTYPES = YES;
				CLANG_WARN_SUSPICIOUS_MOVE = YES;
				CLANG_WARN_UNGUARDED_AVAILABILITY = YES_AGGRESSIVE;
				CLANG_WARN_UNREACHABLE_CODE = YES;
				CLANG_WARN__DUPLICATE_METHOD_MATCH = YES;
				COPY_PHASE_STRIP = NO;
				DEBUG_INFORMATION_FORMAT = dwarf;
				ENABLE_STRICT_OBJC_MSGSEND = YES;
				ENABLE_TESTABILITY = YES;
				GCC_C_LANGUAGE_STANDARD = gnu11;
				GCC_DYNAMIC_NO_PIC = NO;
				GCC_NO_COMMON_BLOCKS = YES;
				GCC_OPTIMIZATION_LEVEL = 0;
				GCC_PREPROCESSOR_DEFINITIONS = (
					"DEBUG=1",
					"$(inherited)",
				);
				GCC_WARN_64_TO_32_BIT_CONVERSION = YES;
				GCC_WARN_ABOUT_RETURN_TYPE = YES_ERROR;
				GCC_WARN_UNDECLARED_SELECTOR = YES;
				GCC_WARN_UNINITIALIZED_AUTOS = YES_AGGRESSIVE;
				GCC_WARN_UNUSED_FUNCTION = YES;
				GCC_WARN_UNUSED_VARIABLE = YES;
				IPHONEOS_DEPLOYMENT_TARGET = 14.1;
				MTL_ENABLE_DEBUG_INFO = INCLUDE_SOURCE;
				MTL_FAST_MATH = YES;
				ONLY_ACTIVE_ARCH = YES;
				SDKROOT = iphoneos;
				SWIFT_ACTIVE_COMPILATION_CONDITIONS = DEBUG;
				SWIFT_OPTIMIZATION_LEVEL = "-Onone";
			};
			name = Debug;
		};
		FDD7A6C8270AB1BE0099F245 /* Release */ = {
			isa = XCBuildConfiguration;
			buildSettings = {
				ALWAYS_SEARCH_USER_PATHS = NO;
				CLANG_ANALYZER_LOCALIZABILITY_NONLOCALIZED = YES;
				CLANG_ANALYZER_NONNULL = YES;
				CLANG_ANALYZER_NUMBER_OBJECT_CONVERSION = YES_AGGRESSIVE;
				CLANG_CXX_LANGUAGE_STANDARD = "gnu++17";
				CLANG_CXX_LIBRARY = "libc++";
				CLANG_ENABLE_MODULES = YES;
				CLANG_ENABLE_OBJC_ARC = YES;
				CLANG_ENABLE_OBJC_WEAK = YES;
				CLANG_WARN_BLOCK_CAPTURE_AUTORELEASING = YES;
				CLANG_WARN_BOOL_CONVERSION = YES;
				CLANG_WARN_COMMA = YES;
				CLANG_WARN_CONSTANT_CONVERSION = YES;
				CLANG_WARN_DEPRECATED_OBJC_IMPLEMENTATIONS = YES;
				CLANG_WARN_DIRECT_OBJC_ISA_USAGE = YES_ERROR;
				CLANG_WARN_DOCUMENTATION_COMMENTS = YES;
				CLANG_WARN_EMPTY_BODY = YES;
				CLANG_WARN_ENUM_CONVERSION = YES;
				CLANG_WARN_INFINITE_RECURSION = YES;
				CLANG_WARN_INT_CONVERSION = YES;
				CLANG_WARN_NON_LITERAL_NULL_CONVERSION = YES;
				CLANG_WARN_OBJC_IMPLICIT_RETAIN_SELF = YES;
				CLANG_WARN_OBJC_LITERAL_CONVERSION = YES;
				CLANG_WARN_OBJC_ROOT_CLASS = YES_ERROR;
				CLANG_WARN_QUOTED_INCLUDE_IN_FRAMEWORK_HEADER = YES;
				CLANG_WARN_RANGE_LOOP_ANALYSIS = YES;
				CLANG_WARN_STRICT_PROTOTYPES = YES;
				CLANG_WARN_SUSPICIOUS_MOVE = YES;
				CLANG_WARN_UNGUARDED_AVAILABILITY = YES_AGGRESSIVE;
				CLANG_WARN_UNREACHABLE_CODE = YES;
				CLANG_WARN__DUPLICATE_METHOD_MATCH = YES;
				COPY_PHASE_STRIP = NO;
				DEBUG_INFORMATION_FORMAT = "dwarf-with-dsym";
				ENABLE_NS_ASSERTIONS = NO;
				ENABLE_STRICT_OBJC_MSGSEND = YES;
				GCC_C_LANGUAGE_STANDARD = gnu11;
				GCC_NO_COMMON_BLOCKS = YES;
				GCC_WARN_64_TO_32_BIT_CONVERSION = YES;
				GCC_WARN_ABOUT_RETURN_TYPE = YES_ERROR;
				GCC_WARN_UNDECLARED_SELECTOR = YES;
				GCC_WARN_UNINITIALIZED_AUTOS = YES_AGGRESSIVE;
				GCC_WARN_UNUSED_FUNCTION = YES;
				GCC_WARN_UNUSED_VARIABLE = YES;
				IPHONEOS_DEPLOYMENT_TARGET = 14.1;
				MTL_ENABLE_DEBUG_INFO = NO;
				MTL_FAST_MATH = YES;
				SDKROOT = iphoneos;
				SWIFT_COMPILATION_MODE = wholemodule;
				SWIFT_OPTIMIZATION_LEVEL = "-O";
				VALIDATE_PRODUCT = YES;
			};
			name = Release;
		};
		FDD7A6CA270AB1BE0099F245 /* Debug */ = {
			isa = XCBuildConfiguration;
			baseConfigurationReference = 7BA0EBF00B8797B38A1E8890 /* Pods-sopt_29th_Assignment.debug.xcconfig */;
			buildSettings = {
				ASSETCATALOG_COMPILER_APPICON_NAME = AppIcon;
				ASSETCATALOG_COMPILER_GLOBAL_ACCENT_COLOR_NAME = AccentColor;
				CODE_SIGN_STYLE = Automatic;
				CURRENT_PROJECT_VERSION = 1;
				DEVELOPMENT_TEAM = L9D5M5DM3Y;
				GENERATE_INFOPLIST_FILE = YES;
				INFOPLIST_FILE = "sopt_29th_Assignment/Global/Supporting Files/Info.plist";
				INFOPLIST_KEY_UIApplicationSupportsIndirectInputEvents = YES;
				INFOPLIST_KEY_UILaunchStoryboardName = LaunchScreen;
				INFOPLIST_KEY_UIMainStoryboardFile = Main;
				INFOPLIST_KEY_UISupportedInterfaceOrientations_iPad = "UIInterfaceOrientationPortrait UIInterfaceOrientationPortraitUpsideDown UIInterfaceOrientationLandscapeLeft UIInterfaceOrientationLandscapeRight";
				INFOPLIST_KEY_UISupportedInterfaceOrientations_iPhone = "UIInterfaceOrientationPortrait UIInterfaceOrientationLandscapeLeft UIInterfaceOrientationLandscapeRight";
				LD_RUNPATH_SEARCH_PATHS = (
					"$(inherited)",
					"@executable_path/Frameworks",
				);
				MARKETING_VERSION = 1.0;
				PRODUCT_BUNDLE_IDENTIFIER = "com.sopt.seminar.sopt-29th-Assignment";
				PRODUCT_NAME = "$(TARGET_NAME)";
				SWIFT_EMIT_LOC_STRINGS = YES;
				SWIFT_VERSION = 5.0;
				TARGETED_DEVICE_FAMILY = "1,2";
			};
			name = Debug;
		};
		FDD7A6CB270AB1BE0099F245 /* Release */ = {
			isa = XCBuildConfiguration;
			baseConfigurationReference = 42692C6758410515ECBFA1B7 /* Pods-sopt_29th_Assignment.release.xcconfig */;
			buildSettings = {
				ASSETCATALOG_COMPILER_APPICON_NAME = AppIcon;
				ASSETCATALOG_COMPILER_GLOBAL_ACCENT_COLOR_NAME = AccentColor;
				CODE_SIGN_STYLE = Automatic;
				CURRENT_PROJECT_VERSION = 1;
				DEVELOPMENT_TEAM = L9D5M5DM3Y;
				GENERATE_INFOPLIST_FILE = YES;
				INFOPLIST_FILE = "sopt_29th_Assignment/Global/Supporting Files/Info.plist";
				INFOPLIST_KEY_UIApplicationSupportsIndirectInputEvents = YES;
				INFOPLIST_KEY_UILaunchStoryboardName = LaunchScreen;
				INFOPLIST_KEY_UIMainStoryboardFile = Main;
				INFOPLIST_KEY_UISupportedInterfaceOrientations_iPad = "UIInterfaceOrientationPortrait UIInterfaceOrientationPortraitUpsideDown UIInterfaceOrientationLandscapeLeft UIInterfaceOrientationLandscapeRight";
				INFOPLIST_KEY_UISupportedInterfaceOrientations_iPhone = "UIInterfaceOrientationPortrait UIInterfaceOrientationLandscapeLeft UIInterfaceOrientationLandscapeRight";
				LD_RUNPATH_SEARCH_PATHS = (
					"$(inherited)",
					"@executable_path/Frameworks",
				);
				MARKETING_VERSION = 1.0;
				PRODUCT_BUNDLE_IDENTIFIER = "com.sopt.seminar.sopt-29th-Assignment";
				PRODUCT_NAME = "$(TARGET_NAME)";
				SWIFT_EMIT_LOC_STRINGS = YES;
				SWIFT_VERSION = 5.0;
				TARGETED_DEVICE_FAMILY = "1,2";
			};
			name = Release;
		};
/* End XCBuildConfiguration section */

/* Begin XCConfigurationList section */
		FDD7A6B0270AB1BC0099F245 /* Build configuration list for PBXProject "sopt_29th_Assignment" */ = {
			isa = XCConfigurationList;
			buildConfigurations = (
				FDD7A6C7270AB1BE0099F245 /* Debug */,
				FDD7A6C8270AB1BE0099F245 /* Release */,
			);
			defaultConfigurationIsVisible = 0;
			defaultConfigurationName = Release;
		};
		FDD7A6C9270AB1BE0099F245 /* Build configuration list for PBXNativeTarget "sopt_29th_Assignment" */ = {
			isa = XCConfigurationList;
			buildConfigurations = (
				FDD7A6CA270AB1BE0099F245 /* Debug */,
				FDD7A6CB270AB1BE0099F245 /* Release */,
			);
			defaultConfigurationIsVisible = 0;
			defaultConfigurationName = Release;
		};
/* End XCConfigurationList section */
	};
	rootObject = FDD7A6AD270AB1BC0099F245 /* Project object */;
}
